
Microsoft Visual Studio Solution File, Format Version 12.00
# Visual Studio 15
VisualStudioVersion = 15.0.27703.2042
MinimumVisualStudioVersion = 10.0.40219.1
Project("{FAE04EC0-301F-11D3-BF4B-00C04F79EFBC}") = "Neudesic.PizzaDelivery", "Neudesic.PizzaDelivery\Neudesic.PizzaDelivery.csproj", "{4A1FC1DA-1225-4D6F-8596-0230B281ECC5}"
EndProject
Project("{FAE04EC0-301F-11D3-BF4B-00C04F79EFBC}") = "Neudesic.PizzaDelivery.Models", "Neudesic.PizzaDelivery.Models\Neudesic.PizzaDelivery.Models.csproj", "{A80CD70A-77FE-430F-80B4-6719FEF4A9F1}"
EndProject
Global
	GlobalSection(SolutionConfigurationPlatforms) = preSolution
		Debug|Any CPU = Debug|Any CPU
		Release|Any CPU = Release|Any CPU
	EndGlobalSection
	GlobalSection(ProjectConfigurationPlatforms) = postSolution
		{4A1FC1DA-1225-4D6F-8596-0230B281ECC5}.Debug|Any CPU.ActiveCfg = Debug|Any CPU
		{4A1FC1DA-1225-4D6F-8596-0230B281ECC5}.Debug|Any CPU.Build.0 = Debug|Any CPU
		{4A1FC1DA-1225-4D6F-8596-0230B281ECC5}.Release|Any CPU.ActiveCfg = Release|Any CPU
		{4A1FC1DA-1225-4D6F-8596-0230B281ECC5}.Release|Any CPU.Build.0 = Release|Any CPU
		{A80CD70A-77FE-430F-80B4-6719FEF4A9F1}.Debug|Any CPU.ActiveCfg = Debug|Any CPU
		{A80CD70A-77FE-430F-80B4-6719FEF4A9F1}.Debug|Any CPU.Build.0 = Debug|Any CPU
		{A80CD70A-77FE-430F-80B4-6719FEF4A9F1}.Release|Any CPU.ActiveCfg = Release|Any CPU
		{A80CD70A-77FE-430F-80B4-6719FEF4A9F1}.Release|Any CPU.Build.0 = Release|Any CPU
	EndGlobalSection
	GlobalSection(SolutionProperties) = preSolution
		HideSolutionNode = FALSE
	EndGlobalSection
	GlobalSection(ExtensibilityGlobals) = postSolution
		SolutionGuid = {AC9E4C16-F764-4099-883E-AA78705E79F9}
	EndGlobalSection
EndGlobal
